#include<stdbool.h>
#include <string.h>
#include<stdio.h>

bool isValid(char *s){
    int len=strlen(s);
    int stack[len];
    int top =-1;
     for(int i=0;i<len;i++){
        char current=s[i];

        if(current == '(' || current == '{' || current == '[' ){
            stack[++top] = current;
        }
        else{
            if(top == -1){
                return false;
            }

            char topChar=stack[top--];
            if((current == ')' && topChar!='(') || (current == '}' && topChar!='{')|| (current == ']' && topChar!='[' )){
            return false;
            }
        }
     }
     return top == -1;

}

int main(){
    char *test[]={
        "{[()]}",
        "{[[)]}",
        "{{{[[[(((())))]]]}}}"
    };

    for(int i=0; i<sizeof(test)/sizeof(test[0]);i++){
printf("input:%s\n,valid:%s\n",test[i],isValid(test[i])?"true":"false");
    }
    return 0;
}


